
Microsoft Visual Studio Solution File, Format Version 12.00
Project("{FAE04EC0-301F-11D3-BF4B-00C04F79EFBC}") = "ASPDotNETCore_WebApp_ToDoList", "ASPDotNETCore_WebApp_ToDoList\ASPDotNETCore_WebApp_ToDoList.csproj", "{D89D5BBD-6BC5-48D9-BB83-39D8D1D82210}"
EndProject
Global
	GlobalSection(SolutionConfigurationPlatforms) = preSolution
		Debug|Any CPU = Debug|Any CPU
		Release|Any CPU = Release|Any CPU
	EndGlobalSection
	GlobalSection(ProjectConfigurationPlatforms) = postSolution
		{D89D5BBD-6BC5-48D9-BB83-39D8D1D82210}.Debug|Any CPU.ActiveCfg = Debug|Any CPU
		{D89D5BBD-6BC5-48D9-BB83-39D8D1D82210}.Debug|Any CPU.Build.0 = Debug|Any CPU
		{D89D5BBD-6BC5-48D9-BB83-39D8D1D82210}.Release|Any CPU.ActiveCfg = Release|Any CPU
		{D89D5BBD-6BC5-48D9-BB83-39D8D1D82210}.Release|Any CPU.Build.0 = Release|Any CPU
	EndGlobalSection
EndGlobal
